<?xml version="1.0" encoding="utf-8"?>
<Project ToolsVersion="4.0" xmlns="http://schemas.microsoft.com/developer/msbuild/2003">
  <ItemGroup>
    <Filter Include="Source Files">
      <UniqueIdentifier>{4FC737F1-C7A5-4376-A066-2A32D752A2FF}</UniqueIdentifier>
      <Extensions>cpp;c;cc;cxx;c++;cppm;ixx;def;odl;idl;hpj;bat;asm;asmx</Extensions>
    </Filter>
    <Filter Include="Header Files">
      <UniqueIdentifier>{93995380-89BD-4b04-88EB-625FBE52EBFB}</UniqueIdentifier>
      <Extensions>h;hh;hpp;hxx;h++;hm;inl;inc;ipp;xsd</Extensions>
    </Filter>
    <Filter Include="Resource Files">
      <UniqueIdentifier>{67DA6AB6-F800-4c08-8B7A-83BB121AAD01}</UniqueIdentifier>
      <Extensions>rc;ico;cur;bmp;dlg;rc2;rct;bin;rgs;gif;jpg;jpeg;jpe;resx;tiff;tif;png;wav;mfcribbon-ms</Extensions>
    </Filter>
  </ItemGroup>
  <ItemGroup>
    <ClCompile Include="src\Main.cpp">
      <Filter>Source Files</Filter>
    </ClCompile>
    <ClCompile Include="pch\pch.cpp">
      <Filter>Source Files</Filter>
    </ClCompile>
    <ClCompile Include="Mad Framework\Engines\Source Engine\Interface Manager\Interface Manager.cpp">
      <Filter>Source Files</Filter>
    </ClCompile>
    <ClCompile Include="Mad Framework\Engines\Source Engine\Interfaces\IBaseClientDLL.cpp">
      <Filter>Source Files</Filter>
    </ClCompile>
    <ClCompile Include="Mad Framework\Engines\Source Engine\Interfaces\IClientEntityList.cpp">
      <Filter>Source Files</Filter>
    </ClCompile>
    <ClCompile Include="Mad Framework\Engines\Source Engine\Interfaces\IClientNetworkable.cpp">
      <Filter>Source Files</Filter>
    </ClCompile>
    <ClCompile Include="Mad Framework\Engines\Source Engine\NetVarManager\NetVarManager.cpp">
      <Filter>Source Files</Filter>
    </ClCompile>
    <ClCompile Include="Mad Framework\Log Manager\LogManager.cpp">
      <Filter>Source Files</Filter>
    </ClCompile>
    <ClCompile Include="Mad Framework\Utility\Memory\Memory.cpp">
      <Filter>Source Files</Filter>
    </ClCompile>
    <ClCompile Include="Mad Framework\Engines\Source Engine\Classes\ClientClass.cpp">
      <Filter>Source Files</Filter>
    </ClCompile>
    <ClCompile Include="Mad Framework\Engines\Source Engine\Interfaces\IVEngineClient.cpp">
      <Filter>Source Files</Filter>
    </ClCompile>
    <ClCompile Include="Mad Framework\Hooks\HookHelper.cpp">
      <Filter>Source Files</Filter>
    </ClCompile>
    <ClCompile Include="Mad Framework\Hooks\DirectX11\DirectX11 Hooks.cpp">
      <Filter>Source Files</Filter>
    </ClCompile>
    <ClCompile Include="Mad Framework\Engines\Source Engine\Interfaces\IViewRender.cpp">
      <Filter>Source Files</Filter>
    </ClCompile>
    <ClCompile Include="Mad Framework\Utility\Math\Math.cpp">
      <Filter>Source Files</Filter>
    </ClCompile>
    <ClCompile Include="Mad Framework\lib\MadRenderer Internal\DX11.cpp">
      <Filter>Source Files</Filter>
    </ClCompile>
    <ClCompile Include="Mad Framework\lib\SafetyHook\safetyhook.cpp">
      <Filter>Source Files</Filter>
    </ClCompile>
    <ClCompile Include="Mad Framework\lib\SafetyHook\Zydis.c">
      <Filter>Source Files</Filter>
    </ClCompile>
    <ClCompile Include="Mad Framework\Framework.cpp">
      <Filter>Source Files</Filter>
    </ClCompile>
    <ClCompile Include="Mad Framework\lib\ZGUI\zgui.cc">
      <Filter>Source Files</Filter>
    </ClCompile>
    <ClCompile Include="Mad Framework\Menu\Menu.cpp">
      <Filter>Source Files</Filter>
    </ClCompile>
    <ClCompile Include="Mad Framework\Hooks\Windows\Windows Hooks.cpp">
      <Filter>Source Files</Filter>
    </ClCompile>
    <ClCompile Include="Mad Framework\Hooks\Source Engine\Source Engine Hooks.cpp">
      <Filter>Source Files</Filter>
    </ClCompile>
    <ClCompile Include="Mad Framework\Utility\Utility.cpp">
      <Filter>Source Files</Filter>
    </ClCompile>
    <ClCompile Include="src\Features\Visuals\ESP.cpp">
      <Filter>Source Files</Filter>
    </ClCompile>
    <ClCompile Include="src\Features\Visuals\Visuals.cpp">
      <Filter>Source Files</Filter>
    </ClCompile>
    <ClCompile Include="Mad Framework\Engines\Source Engine\Classes\C_BaseEntity.cpp">
      <Filter>Source Files</Filter>
    </ClCompile>
    <ClCompile Include="Mad Framework\Engines\Source Engine\Interfaces\IClientRenderable.cpp">
      <Filter>Source Files</Filter>
    </ClCompile>
    <ClCompile Include="Mad Framework\Engines\Source Engine\Classes\CGlobalVars.cpp">
      <Filter>Source Files</Filter>
    </ClCompile>
    <ClCompile Include="Mad Framework\Engines\Source Engine\Interfaces\IEngineTrace.cpp">
      <Filter>Source Files</Filter>
    </ClCompile>
    <ClCompile Include="src\Features\Aimbot\Aimbot.cpp">
      <Filter>Source Files</Filter>
    </ClCompile>
    <ClCompile Include="src\Features\Misc\HitSound.cpp">
      <Filter>Source Files</Filter>
    </ClCompile>
    <ClCompile Include="src\AntiScreenshot\Antiscreenshot.cpp">
      <Filter>Source Files</Filter>
    </ClCompile>
    <ClCompile Include="src\Features\Misc\MiscVisuals.cpp">
      <Filter>Source Files</Filter>
    </ClCompile>
    <ClCompile Include="Mad Framework\Config Manager\ConfigManager.cpp">
      <Filter>Source Files</Filter>
    </ClCompile>
    <ClCompile Include="src\Features\Misc\SaveManager.cpp">
      <Filter>Source Files</Filter>
    </ClCompile>
  </ItemGroup>
  <ItemGroup>
    <ClInclude Include="pch\pch.h">
      <Filter>Header Files</Filter>
    </ClInclude>
    <ClInclude Include="Mad Framework\Engines\Source Engine\Classes\C_BaseEntity.h">
      <Filter>Header Files</Filter>
    </ClInclude>
    <ClInclude Include="Mad Framework\Engines\Source Engine\Classes\CBaseHandle.h">
      <Filter>Header Files</Filter>
    </ClInclude>
    <ClInclude Include="Mad Framework\Engines\Source Engine\Classes\CGlobalVarsBase.h">
      <Filter>Header Files</Filter>
    </ClInclude>
    <ClInclude Include="Mad Framework\Engines\Source Engine\Classes\ClientClass.h">
      <Filter>Header Files</Filter>
    </ClInclude>
    <ClInclude Include="Mad Framework\Engines\Source Engine\Classes\matrix3x4_t.h">
      <Filter>Header Files</Filter>
    </ClInclude>
    <ClInclude Include="Mad Framework\Engines\Source Engine\Classes\QAngle.h">
      <Filter>Header Files</Filter>
    </ClInclude>
    <ClInclude Include="Mad Framework\Engines\Source Engine\Classes\Quaternion.h">
      <Filter>Header Files</Filter>
    </ClInclude>
    <ClInclude Include="Mad Framework\Engines\Source Engine\Classes\RecvProp.h">
      <Filter>Header Files</Filter>
    </ClInclude>
    <ClInclude Include="Mad Framework\Engines\Source Engine\Classes\RecvTable.h">
      <Filter>Header Files</Filter>
    </ClInclude>
    <ClInclude Include="Mad Framework\Engines\Source Engine\Classes\VMatrix.h">
      <Filter>Header Files</Filter>
    </ClInclude>
    <ClInclude Include="Mad Framework\Engines\Source Engine\Classes\vrect_t.h">
      <Filter>Header Files</Filter>
    </ClInclude>
    <ClInclude Include="Mad Framework\Engines\Source Engine\Interface Manager\Interface Manager.h">
      <Filter>Header Files</Filter>
    </ClInclude>
    <ClInclude Include="Mad Framework\Engines\Source Engine\Interfaces\IBaseClientDLL.h">
      <Filter>Header Files</Filter>
    </ClInclude>
    <ClInclude Include="Mad Framework\Engines\Source Engine\Interfaces\IClientEntity.h">
      <Filter>Header Files</Filter>
    </ClInclude>
    <ClInclude Include="Mad Framework\Engines\Source Engine\Interfaces\IClientEntityList.h">
      <Filter>Header Files</Filter>
    </ClInclude>
    <ClInclude Include="Mad Framework\Engines\Source Engine\Interfaces\IClientNetworkable.h">
      <Filter>Header Files</Filter>
    </ClInclude>
    <ClInclude Include="Mad Framework\Engines\Source Engine\Interfaces\IClientRenderable.h">
      <Filter>Header Files</Filter>
    </ClInclude>
    <ClInclude Include="Mad Framework\Engines\Source Engine\Interfaces\IClientThinkable.h">
      <Filter>Header Files</Filter>
    </ClInclude>
    <ClInclude Include="Mad Framework\Engines\Source Engine\Interfaces\IClientUnknown.h">
      <Filter>Header Files</Filter>
    </ClInclude>
    <ClInclude Include="Mad Framework\Engines\Source Engine\Interfaces\IHandleEntity.h">
      <Filter>Header Files</Filter>
    </ClInclude>
    <ClInclude Include="Mad Framework\Engines\Source Engine\Interfaces\INetChannelInfo.h">
      <Filter>Header Files</Filter>
    </ClInclude>
    <ClInclude Include="Mad Framework\Engines\Source Engine\Interfaces\IVEngineClient.h">
      <Filter>Header Files</Filter>
    </ClInclude>
    <ClInclude Include="Mad Framework\Engines\Source Engine\NetVarManager\NetVarManager.h">
      <Filter>Header Files</Filter>
    </ClInclude>
    <ClInclude Include="Mad Framework\Engines\Source Engine\Source-SDK.h">
      <Filter>Header Files</Filter>
    </ClInclude>
    <ClInclude Include="Mad Framework\lib\plog\Appenders\ColorConsoleAppender.h">
      <Filter>Header Files</Filter>
    </ClInclude>
    <ClInclude Include="Mad Framework\lib\plog\Appenders\ConsoleAppender.h">
      <Filter>Header Files</Filter>
    </ClInclude>
    <ClInclude Include="Mad Framework\lib\plog\Appenders\DebugOutputAppender.h">
      <Filter>Header Files</Filter>
    </ClInclude>
    <ClInclude Include="Mad Framework\lib\plog\Appenders\DynamicAppender.h">
      <Filter>Header Files</Filter>
    </ClInclude>
    <ClInclude Include="Mad Framework\lib\plog\Appenders\EventLogAppender.h">
      <Filter>Header Files</Filter>
    </ClInclude>
    <ClInclude Include="Mad Framework\lib\plog\Appenders\IAppender.h">
      <Filter>Header Files</Filter>
    </ClInclude>
    <ClInclude Include="Mad Framework\lib\plog\Appenders\RollingFileAppender.h">
      <Filter>Header Files</Filter>
    </ClInclude>
    <ClInclude Include="Mad Framework\lib\plog\Converters\NativeEOLConverter.h">
      <Filter>Header Files</Filter>
    </ClInclude>
    <ClInclude Include="Mad Framework\lib\plog\Converters\UTF8Converter.h">
      <Filter>Header Files</Filter>
    </ClInclude>
    <ClInclude Include="Mad Framework\lib\plog\Formatters\CsvFormatter.h">
      <Filter>Header Files</Filter>
    </ClInclude>
    <ClInclude Include="Mad Framework\lib\plog\Formatters\FuncMessageFormatter.h">
      <Filter>Header Files</Filter>
    </ClInclude>
    <ClInclude Include="Mad Framework\lib\plog\Formatters\MessageOnlyFormatter.h">
      <Filter>Header Files</Filter>
    </ClInclude>
    <ClInclude Include="Mad Framework\lib\plog\Formatters\TxtFormatter.h">
      <Filter>Header Files</Filter>
    </ClInclude>
    <ClInclude Include="Mad Framework\lib\plog\Helpers\AscDump.h">
      <Filter>Header Files</Filter>
    </ClInclude>
    <ClInclude Include="Mad Framework\lib\plog\Helpers\HexDump.h">
      <Filter>Header Files</Filter>
    </ClInclude>
    <ClInclude Include="Mad Framework\lib\plog\Helpers\PrintVar.h">
      <Filter>Header Files</Filter>
    </ClInclude>
    <ClInclude Include="Mad Framework\lib\plog\Initializers\ConsoleInitializer.h">
      <Filter>Header Files</Filter>
    </ClInclude>
    <ClInclude Include="Mad Framework\lib\plog\Initializers\RollingFileInitializer.h">
      <Filter>Header Files</Filter>
    </ClInclude>
    <ClInclude Include="Mad Framework\lib\plog\Init.h">
      <Filter>Header Files</Filter>
    </ClInclude>
    <ClInclude Include="Mad Framework\lib\plog\Log.h">
      <Filter>Header Files</Filter>
    </ClInclude>
    <ClInclude Include="Mad Framework\lib\plog\Logger.h">
      <Filter>Header Files</Filter>
    </ClInclude>
    <ClInclude Include="Mad Framework\lib\plog\Record.h">
      <Filter>Header Files</Filter>
    </ClInclude>
    <ClInclude Include="Mad Framework\lib\plog\Severity.h">
      <Filter>Header Files</Filter>
    </ClInclude>
    <ClInclude Include="Mad Framework\lib\plog\Util.h">
      <Filter>Header Files</Filter>
    </ClInclude>
    <ClInclude Include="Mad Framework\lib\plog\WinApi.h">
      <Filter>Header Files</Filter>
    </ClInclude>
    <ClInclude Include="Mad Framework\Log Manager\LogManager.h">
      <Filter>Header Files</Filter>
    </ClInclude>
    <ClInclude Include="Mad Framework\Utility\Memory\Memory.h">
      <Filter>Header Files</Filter>
    </ClInclude>
    <ClInclude Include="Mad Framework\Windows\PEB.h">
      <Filter>Header Files</Filter>
    </ClInclude>
    <ClInclude Include="Mad Framework\Windows\PEB32.h">
      <Filter>Header Files</Filter>
    </ClInclude>
    <ClInclude Include="Mad Framework\Windows\TEB.h">
      <Filter>Header Files</Filter>
    </ClInclude>
    <ClInclude Include="Mad Framework\Windows\TEB32.h">
      <Filter>Header Files</Filter>
    </ClInclude>
    <ClInclude Include="Mad Framework\Headers.h">
      <Filter>Header Files</Filter>
    </ClInclude>
    <ClInclude Include="Mad Framework\Settings.h">
      <Filter>Header Files</Filter>
    </ClInclude>
    <ClInclude Include="Mad Framework\Hooks\HookHelper.h">
      <Filter>Header Files</Filter>
    </ClInclude>
    <ClInclude Include="Mad Framework\Hooks\DirectX11\DirectX11 Hooks.h">
      <Filter>Header Files</Filter>
    </ClInclude>
    <ClInclude Include="Mad Framework\Engines\Source Engine\Interfaces\IViewRender.h">
      <Filter>Header Files</Filter>
    </ClInclude>
    <ClInclude Include="Mad Framework\Engines\Source Engine\Classes\CViewRender.h">
      <Filter>Header Files</Filter>
    </ClInclude>
    <ClInclude Include="Mad Framework\Engines\Source Engine\Classes\CViewSetup.h">
      <Filter>Header Files</Filter>
    </ClInclude>
    <ClInclude Include="Mad Framework\Utility\Math\Math.h">
      <Filter>Header Files</Filter>
    </ClInclude>
    <ClInclude Include="Mad Framework\Types.h">
      <Filter>Header Files</Filter>
    </ClInclude>
    <ClInclude Include="Mad Framework\lib\MadRenderer Internal\Inc\Audio.h">
      <Filter>Header Files</Filter>
    </ClInclude>
    <ClInclude Include="Mad Framework\lib\MadRenderer Internal\Inc\BufferHelpers.h">
      <Filter>Header Files</Filter>
    </ClInclude>
    <ClInclude Include="Mad Framework\lib\MadRenderer Internal\Inc\CommonStates.h">
      <Filter>Header Files</Filter>
    </ClInclude>
    <ClInclude Include="Mad Framework\lib\MadRenderer Internal\Inc\DDSTextureLoader.h">
      <Filter>Header Files</Filter>
    </ClInclude>
    <ClInclude Include="Mad Framework\lib\MadRenderer Internal\Inc\DirectXHelpers.h">
      <Filter>Header Files</Filter>
    </ClInclude>
    <ClInclude Include="Mad Framework\lib\MadRenderer Internal\Inc\Effects.h">
      <Filter>Header Files</Filter>
    </ClInclude>
    <ClInclude Include="Mad Framework\lib\MadRenderer Internal\Inc\GamePad.h">
      <Filter>Header Files</Filter>
    </ClInclude>
    <ClInclude Include="Mad Framework\lib\MadRenderer Internal\Inc\GeometricPrimitive.h">
      <Filter>Header Files</Filter>
    </ClInclude>
    <ClInclude Include="Mad Framework\lib\MadRenderer Internal\Inc\GraphicsMemory.h">
      <Filter>Header Files</Filter>
    </ClInclude>
    <ClInclude Include="Mad Framework\lib\MadRenderer Internal\Inc\Keyboard.h">
      <Filter>Header Files</Filter>
    </ClInclude>
    <ClInclude Include="Mad Framework\lib\MadRenderer Internal\Inc\Model.h">
      <Filter>Header Files</Filter>
    </ClInclude>
    <ClInclude Include="Mad Framework\lib\MadRenderer Internal\Inc\Mouse.h">
      <Filter>Header Files</Filter>
    </ClInclude>
    <ClInclude Include="Mad Framework\lib\MadRenderer Internal\Inc\PostProcess.h">
      <Filter>Header Files</Filter>
    </ClInclude>
    <ClInclude Include="Mad Framework\lib\MadRenderer Internal\Inc\PrimitiveBatch.h">
      <Filter>Header Files</Filter>
    </ClInclude>
    <ClInclude Include="Mad Framework\lib\MadRenderer Internal\Inc\ScreenGrab.h">
      <Filter>Header Files</Filter>
    </ClInclude>
    <ClInclude Include="Mad Framework\lib\MadRenderer Internal\Inc\SimpleMath.h">
      <Filter>Header Files</Filter>
    </ClInclude>
    <ClInclude Include="Mad Framework\lib\MadRenderer Internal\Inc\SpriteBatch.h">
      <Filter>Header Files</Filter>
    </ClInclude>
    <ClInclude Include="Mad Framework\lib\MadRenderer Internal\Inc\SpriteFont.h">
      <Filter>Header Files</Filter>
    </ClInclude>
    <ClInclude Include="Mad Framework\lib\MadRenderer Internal\Inc\VertexTypes.h">
      <Filter>Header Files</Filter>
    </ClInclude>
    <ClInclude Include="Mad Framework\lib\MadRenderer Internal\Inc\WICTextureLoader.h">
      <Filter>Header Files</Filter>
    </ClInclude>
    <ClInclude Include="Mad Framework\lib\MadRenderer Internal\Inc\XboxDDSTextureLoader.h">
      <Filter>Header Files</Filter>
    </ClInclude>
    <ClInclude Include="Mad Framework\lib\MadRenderer Internal\DX11.h">
      <Filter>Header Files</Filter>
    </ClInclude>
    <ClInclude Include="Mad Framework\lib\MadRenderer Internal\font.h">
      <Filter>Header Files</Filter>
    </ClInclude>
    <ClInclude Include="Mad Framework\lib\SafetyHook\safetyhook.hpp">
      <Filter>Header Files</Filter>
    </ClInclude>
    <ClInclude Include="Mad Framework\lib\SafetyHook\Zydis.h">
      <Filter>Header Files</Filter>
    </ClInclude>
    <ClInclude Include="Mad Framework\Framework.h">
      <Filter>Header Files</Filter>
    </ClInclude>
    <ClInclude Include="Mad Framework\lib\ZGUI\zgui.hh">
      <Filter>Header Files</Filter>
    </ClInclude>
    <ClInclude Include="Mad Framework\Menu\Menu.h">
      <Filter>Header Files</Filter>
    </ClInclude>
    <ClInclude Include="Mad Framework\Hooks\Windows\Windows Hooks.h">
      <Filter>Header Files</Filter>
    </ClInclude>
    <ClInclude Include="Mad Framework\Hooks\Source Engine\Source Engine Hooks.h">
      <Filter>Header Files</Filter>
    </ClInclude>
    <ClInclude Include="Mad Framework\Utility\Utility.h">
      <Filter>Header Files</Filter>
    </ClInclude>
    <ClInclude Include="Mad Framework\lib\MadRenderer Internal\CursorRaw.h">
      <Filter>Header Files</Filter>
    </ClInclude>
    <ClInclude Include="src\Features\Visuals\ESP.h">
      <Filter>Header Files</Filter>
    </ClInclude>
    <ClInclude Include="src\Features\Visuals\Visuals.h">
      <Filter>Header Files</Filter>
    </ClInclude>
    <ClInclude Include="Mad Framework\Engines\Source Engine\Classes\CWeapon.h">
      <Filter>Header Files</Filter>
    </ClInclude>
    <ClInclude Include="Mad Framework\Engines\Source Engine\Classes\CGlobalVars.h">
      <Filter>Header Files</Filter>
    </ClInclude>
    <ClInclude Include="Mad Framework\Engines\Source Engine\Interfaces\IEngineTrace.h">
      <Filter>Header Files</Filter>
    </ClInclude>
    <ClInclude Include="Mad Framework\Engines\Source Engine\Interfaces\ITraceFilter.h">
      <Filter>Header Files</Filter>
    </ClInclude>
    <ClInclude Include="Mad Framework\Engines\Source Engine\Classes\CTraceFilter.h">
      <Filter>Header Files</Filter>
    </ClInclude>
    <ClInclude Include="Mad Framework\Engines\Source Engine\Classes\CUserCmd.h">
      <Filter>Header Files</Filter>
    </ClInclude>
    <ClInclude Include="src\Features\Aimbot\Aimbot.h">
      <Filter>Header Files</Filter>
    </ClInclude>
    <ClInclude Include="src\Features\Misc\HitSound.h">
      <Filter>Header Files</Filter>
    </ClInclude>
    <ClInclude Include="src\AntiScreenshot\Antiscreenshot.h">
      <Filter>Header Files</Filter>
    </ClInclude>
    <ClInclude Include="src\Features\Misc\HitSoundFiles.h">
      <Filter>Header Files</Filter>
    </ClInclude>
    <ClInclude Include="src\Features\Misc\crosshairRawData.h">
      <Filter>Header Files</Filter>
    </ClInclude>
    <ClInclude Include="src\Features\Misc\MiscVisuals.h">
      <Filter>Header Files</Filter>
    </ClInclude>
    <ClInclude Include="Mad Framework\lib\mINI\ini.h">
      <Filter>Header Files</Filter>
    </ClInclude>
    <ClInclude Include="Mad Framework\Config Manager\ConfigManager.h">
      <Filter>Header Files</Filter>
    </ClInclude>
    <ClInclude Include="src\Features\Misc\SaveManager.h">
      <Filter>Header Files</Filter>
    </ClInclude>
  </ItemGroup>
  <ItemGroup>
    <None Include="Mad Framework\lib\MadRenderer Internal\Inc\SimpleMath.inl">
      <Filter>Header Files</Filter>
    </None>
  </ItemGroup>
  <ItemGroup>
    <Library Include="Mad Framework\lib\MadRenderer Internal\DirectXTK.lib" />
    <Library Include="Mad Framework\lib\MadRenderer Internal\MadRenderer Internal.lib" />
  </ItemGroup>
</Project>